
Microsoft Visual Studio Solution File, Format Version 12.00
# Visual Studio 15
VisualStudioVersion = 15.0.27428.2015
MinimumVisualStudioVersion = 10.0.40219.1
Project("{FAE04EC0-301F-11D3-BF4B-00C04F79EFBC}") = "MovieApp.MvcWebUI", "MovieApp.MvcWebUI\MovieApp.MvcWebUI.csproj", "{E1025912-C9F9-42A6-B88B-F1628A0EB9E5}"
EndProject
Global
	GlobalSection(SolutionConfigurationPlatforms) = preSolution
		Debug|Any CPU = Debug|Any CPU
		Release|Any CPU = Release|Any CPU
	EndGlobalSection
	GlobalSection(ProjectConfigurationPlatforms) = postSolution
		{E1025912-C9F9-42A6-B88B-F1628A0EB9E5}.Debug|Any CPU.ActiveCfg = Debug|Any CPU
		{E1025912-C9F9-42A6-B88B-F1628A0EB9E5}.Debug|Any CPU.Build.0 = Debug|Any CPU
		{E1025912-C9F9-42A6-B88B-F1628A0EB9E5}.Release|Any CPU.ActiveCfg = Release|Any CPU
		{E1025912-C9F9-42A6-B88B-F1628A0EB9E5}.Release|Any CPU.Build.0 = Release|Any CPU
	EndGlobalSection
	GlobalSection(SolutionProperties) = preSolution
		HideSolutionNode = FALSE
	EndGlobalSection
	GlobalSection(ExtensibilityGlobals) = postSolution
		SolutionGuid = {6001AEB8-B844-4F22-B32E-FF207C7A47C1}
	EndGlobalSection
EndGlobal
